port: 7890
socks-port: 7891
redir-port: 7892
mixed-port: 7893
ipv6: false
allow-lan: true
bind-address: "*"
mode: rule
log-level: info
external-controller: 0.0.0.0:9090

proxies:
  - {name: Edukasi 1, server: office.carepros.ca, port: 80, type: vmess, uuid: 525b2d34-720a-11eb-aae6-db4782632c64, alterId: 32, cipher: auto, tls: , network: ws, ws-path: /sshstores, ws-headers: {Host: v2ray-5.sshstores.vip}}
  - {name: Edukasi 2, server: www.udemy.com, port: 80, type: vmess, uuid: 525b2d34-720a-11eb-aae6-db4782632c64, alterId: 32, cipher: auto, tls: , network: ws, ws-path: /sshstores, ws-headers: {Host: v2ray-5.sshstores.vip}}
  - {name: Edukasi 3, server: bimbel.ruangguru.com, port: 80, type: vmess, uuid: 525b2d34-720a-11eb-aae6-db4782632c64, alterId: 32, cipher: auto, tls: , network: ws, ws-path: /sshstores, ws-headers: {Host: v2ray-5.sshstores.vip}}
  - {name: Unligame 1, server: v2raysg-1.sshstores.net, port: 443, type: vmess, uuid: 52513f54-720a-11eb-9214-2fdfe341ad4a, alterId: 32, cipher: auto, tls: true, skip-cert-verify: true, servername: www.pubgmobile.com, network: ws, ws-path: /sshstores, ws-headers: {Host: www.pubgmobile.com}}
  - {name: Conference 1, server: v2raysg-1.sshstores.net, port: 443, type: vmess, uuid: 52513f54-720a-11eb-9214-2fdfe341ad4a, alterId: 32, cipher: auto, tls: true, skip-cert-verify: true, servername: teams.microsoft.com, network: ws, ws-path: /sshstores, ws-headers: {Host: teams.microsoft.com}}
  - {name: Chat 1, server: v2raysg-1.sshstores.net, port: 443, type: vmess, uuid: 52513f54-720a-11eb-9214-2fdfe341ad4a, alterId: 32, cipher: auto, tls: true, skip-cert-verify: true, servername: line.me, network: ws, ws-path: /sshstores, ws-headers: {Host: line.me}}
  - {name: Tiktok 1, server: v2raysg-1.sshstores.net, port: 443, type: vmess, uuid: 52513f54-720a-11eb-9214-2fdfe341ad4a, alterId: 32, cipher: auto, tls: true, skip-cert-verify: true, servername: p16-va-default.akamaized.net, network: ws, ws-path: /sshstores, ws-headers: {Host: p16-va-default.akamaized.net}}
  - {name: Instagram 1, server: v2raysg-1.sshstores.net, port: 443, type: vmess, uuid: 52513f54-720a-11eb-9214-2fdfe341ad4a, alterId: 32, cipher: auto, tls: true, skip-cert-verify: true, servername: www.instagram.com, network: ws, ws-path: /sshstores, ws-headers: {Host: www.instagram.com}}
  - {name: Youtube 1, server: v2raysg-1.sshstores.net, port: 443, type: vmess, uuid: 52513f54-720a-11eb-9214-2fdfe341ad4a, alterId: 32, cipher: auto, tls: true, skip-cert-verify: true, servername: www.googlevideo.com, network: ws, ws-path: /sshstores, ws-headers: {Host: www.googlevideo.com}}
  - {name: Whatsapp 1, server: v2raysg-1.sshstores.net, port: 443, type: vmess, uuid: 52513f54-720a-11eb-9214-2fdfe341ad4a, alterId: 32, cipher: auto, tls: true, skip-cert-verify: true, servername: web.whatsapp.com, network: ws, ws-path: /sshstores, ws-headers: {Host: web.whatsapp.com}}
  - {name: Unligame 2, server: id2-trojan.bonds.id, port: 443, type: trojan, password: 43384170-7753-11eb-b53a-1239d0255272, udp: true, sni: www.pubgmobile.com, alpn: , skip-cert-verify: true}
  - {name: Conference 2, server: id2-trojan.bonds.id, port: 443, type: trojan, password: 43384170-7753-11eb-b53a-1239d0255272, udp: true, sni: teams.microsoft.com, alpn: , skip-cert-verify: true}
  - {name: Chat 2, server: id2-trojan.bonds.id, port: 443, type: trojan, password: 43384170-7753-11eb-b53a-1239d0255272, udp: true, sni: line.me, alpn: , skip-cert-verify: true}
  - {name: Tiktok 2, server: id2-trojan.bonds.id, port: 443, type: trojan, password: 43384170-7753-11eb-b53a-1239d0255272, udp: true, sni: p16-va-default.akamaized.net, alpn: , skip-cert-verify: true}
  - {name: Instagram 2, server: id2-trojan.bonds.id, port: 443, type: trojan, password: 43384170-7753-11eb-b53a-1239d0255272, udp: true, sni: www.instagram.com, alpn: , skip-cert-verify: true}
  - {name: Youtube 2, server: id2-trojan.bonds.id, port: 443, type: trojan, password: 43384170-7753-11eb-b53a-1239d0255272, udp: true, sni: www.googlevideo.com, alpn: , skip-cert-verify: true}
  - {name: Whatsapp 2, server: id2-trojan.bonds.id, port: 443, type: trojan, password: 43384170-7753-11eb-b53a-1239d0255272, udp: true, sni: web.whatsapp.com, alpn: , skip-cert-verify: true}
  - {name: Unligame 3, server: SG1-sock.tcpvpn.com, port: 8443, type: ss, cipher: aes-256-gcm, password: tcpvpnSG1$@&^, plugin: obfs, plugin-opts: {mode: tls, host: www.pubgmobile.com}}
  - {name: Conference 3, server: SG1-sock.tcpvpn.com, port: 8443, type: ss, cipher: aes-256-gcm, password: tcpvpnSG1$@&^, plugin: obfs, plugin-opts: {mode: tls, host: teams.microsoft.com}}
  - {name: Chat 3, server: SG1-sock.tcpvpn.com, port: 8443, type: ss, cipher: aes-256-gcm, password: tcpvpnSG1$@&^, plugin: obfs, plugin-opts: {mode: tls, host: line.me}}
  - {name: Tiktok 3, server: SG1-sock.tcpvpn.com, port: 8443, type: ss, cipher: aes-256-gcm, password: tcpvpnSG1$@&^, plugin: obfs, plugin-opts: {mode: tls, host: p16-va-default.akamaized.net}}
  - {name: Instagram 3, server: SG1-sock.tcpvpn.com, port: 8443, type: ss, cipher: aes-256-gcm, password: tcpvpnSG1$@&^, plugin: obfs, plugin-opts: {mode: tls, host: www.instagram.com}}
  - {name: Youtube 3, server: SG1-sock.tcpvpn.com, port: 8443, type: ss, cipher: aes-256-gcm, password: tcpvpnSG1$@&^, plugin: obfs, plugin-opts: {mode: tls, host: www.googlevideo.com}}
  - {name: Whatsapp 3, server: SG1-sock.tcpvpn.com, port: 8443, type: ss, cipher: aes-256-gcm, password: tcpvpnSG1$@&^, plugin: obfs, plugin-opts: {mode: tls, host: web.whatsapp.com}}
  - {name: Indosat Opok, server: covid19.go.id, port: 80, type: vmess, uuid: 525b2d34-720a-11eb-aae6-db4782632c64, alterId: 32, cipher: auto, tls: , network: ws, ws-path: /sshstores, ws-headers: {Host: v2ray-5.sshstores.vip}}

proxy-groups:
  - name: Proxy
    type: select
    proxies:
      - Otomatis
      - Vmess
      - Trojan
      - Shadowsocks

  - name: Vmess
    type: select
    url: https://www.google.com/
    interval: 300
    proxies:
      - Edukasi 1
      - Edukasi 2
      - Edukasi 3
      - Unligame 1
      - Conference 1
      - Chat 1
      - Tiktok 1
      - Instagram 1
      - Youtube 1
      - Whatsapp 1
      - Indosat Opok

  - name: Trojan
    type: select
    url: https://www.google.com/
    interval: 300
    proxies:
      - Unligame 2
      - Conference 2
      - Chat 2
      - Tiktok 2
      - Instagram 2
      - Youtube 2
      - Whatsapp 2

  - name: Shadowsocks
    type: select
    url: https://www.google.com/
    interval: 300
    proxies:
      - Unligame 3
      - Conference 3
      - Chat 3
      - Tiktok 3
      - Instagram 3
      - Youtube 3
      - Whatsapp 3

  - name: Otomatis
    type: url-test
    url: https://www.google.com/
    interval: 300
    proxies:
      - Edukasi 1
      - Edukasi 2
      - Edukasi 3
      - Unligame 1
      - Unligame 2
      - Unligame 3
      - Conference 1
      - Conference 2
      - Conference 3
      - Chat 1
      - Chat 2
      - Chat 3
      - Tiktok 1
      - Tiktok 2
      - Tiktok 3
      - Instagram 1
      - Instagram 2
      - Instagram 3
      - Youtube 1
      - Youtube 2
      - Youtube 3
      - Whatsapp 1
      - Whatsapp 2
      - Whatsapp 3
      - Indosat Opok

rule-providers:
  Advertising:
    type: http
    behavior: classical
    path: ./ruleprovider/Advertising.yaml
    url: https://raw.githubusercontent.com/frainzy1477/clashrules/master/Clash/RuleSet/Guard/Advertising.yaml
    interval: 86400

rules:
  - RULE-SET,Advertising,REJECT
  - DOMAIN-SUFFIX,ad.com,REJECT
  - IP-CIDR,192.168.0.0/16,DIRECT,no-resolve
  - IP-CIDR,10.0.0.0/8,DIRECT,no-resolve
  - IP-CIDR,172.16.0.0/12,DIRECT,no-resolve
  - IP-CIDR,127.0.0.0/8,DIRECT,no-resolve
  - IP-CIDR,100.64.0.0/10,DIRECT,no-resolve
  - IP-CIDR6,::1/128,DIRECT,no-resolve
  - IP-CIDR6,fc00::/7,DIRECT,no-resolve
  - IP-CIDR6,fe80::/10,DIRECT,no-resolve
  - IP-CIDR6,fd00::/8,DIRECT,no-resolve
  - SRC-IP-CIDR,192.168.1.201/32,DIRECT
  - GEOIP,,DIRECT
  - MATCH,Proxy
